
Microsoft Visual Studio Solution File, Format Version 9.00
# Visual Studio 2005
Project("{8BC9CEB8-8B4A-11D0-8D11-00A0C91BC942}") = "ncc", "ncc\ncc.vcproj", "{BC7F90DE-A0E1-4B85-ADE3-B5A220FC82CB}"
EndProject
Global
	GlobalSection(SolutionConfigurationPlatforms) = preSolution
		Debug|Win32 = Debug|Win32
		Release|Win32 = Release|Win32
	EndGlobalSection
	GlobalSection(ProjectConfigurationPlatforms) = postSolution
		{BC7F90DE-A0E1-4B85-ADE3-B5A220FC82CB}.Debug|Win32.ActiveCfg = Debug|Win32
		{BC7F90DE-A0E1-4B85-ADE3-B5A220FC82CB}.Debug|Win32.Build.0 = Debug|Win32
		{BC7F90DE-A0E1-4B85-ADE3-B5A220FC82CB}.Release|Win32.ActiveCfg = Release|Win32
		{BC7F90DE-A0E1-4B85-ADE3-B5A220FC82CB}.Release|Win32.Build.0 = Release|Win32
	EndGlobalSection
	GlobalSection(SolutionProperties) = preSolution
		HideSolutionNode = FALSE
	EndGlobalSection
EndGlobal
